# THIS IS AN AUTOGENERATED FILE. DO NOT EDIT THIS FILE DIRECTLY.
# yarn lockfile v1


abort-controller@^3.0.0:
  version "3.0.0"
  resolved "https://registry.yarnpkg.com/abort-controller/-/abort-controller-3.0.0.tgz#eaf54d53b62bae4138e809ca225c8439a6efb392"
  integrity sha512-h8lQ8tacZYnR3vNQTgibj+tODHI5/+l06Au2Pcriv/Gmet0eaj4TwWH41sO9wnHDiQsEj19q0drzdWdeAHtweg==
  dependencies:
    event-target-shim "^5.0.0"

event-target-shim@^5.0.0:
  version "5.0.1"
  resolved "https://registry.yarnpkg.com/event-target-shim/-/event-target-shim-5.0.1.tgz#5d4d3ebdf9583d63a5333ce2deb7480ab2b05789"
  integrity sha512-i/2XbnSz/uxRCU6+NdVJgKWDTM427+MqYbkQzD321DuCQJUqOuJKIA0IM2+W2xtYHdKOmZ4dR6fExsd4SXL+WQ==

ky-universal@^0.2.0:
  version "0.2.0"
  resolved "https://registry.yarnpkg.com/ky-universal/-/ky-universal-0.2.0.tgz#fbe4f029a06029c8e88be9c4aca256d6f5149b7b"
  integrity sha512-OmA2/whehME/S07k7TWnS3odC6csdo0f5qHzljasjkBHTJMx0BSHKP62wmnIdZzGtDxo6XjB81GAvKhv7HhEig==
  dependencies:
    abort-controller "^3.0.0"
    node-fetch "^2.3.0"

ky@^0.11.0:
  version "0.11.0"
  resolved "https://registry.yarnpkg.com/ky/-/ky-0.11.0.tgz#032e01e10979f9f16682f6acff7daf43cafa5507"
  integrity sha512-8EHh1PfPKrERUf5XTSSUkuvfMygg6qyFmW7fqjjHxoGTySMQ5TfF006QenZmtcSSbJmd71wLYY04xxIS7vNpJg==

node-fetch@^2.3.0:
  version "2.5.0"
  resolved "https://registry.yarnpkg.com/node-fetch/-/node-fetch-2.5.0.tgz#8028c49fc1191bba56a07adc6e2a954644a48501"
  integrity sha512-YuZKluhWGJwCcUu4RlZstdAxr8bFfOVHakc1mplwHkk8J+tqM1Y5yraYvIUpeX8aY7+crCwiELJq7Vl0o0LWXw==
